// !$*UTF8*$!
{
	archiveVersion = 1;
	classes = {
	};
	objectVersion = 50;
	objects = {

/* Begin PBXBuildFile section */
		933E520C21B76B8700CE6194 /* map2.cpp in Sources */ = {isa = PBXBuildFile; fileRef = 933E520B21B76B8700CE6194 /* map2.cpp */; };
		933E520E21B76D2800CE6194 /* obstacle.cpp in Sources */ = {isa = PBXBuildFile; fileRef = 933E520D21B76D2800CE6194 /* obstacle.cpp */; };
		936B5FC921A0A57900797E10 /* obstacles.txt in Resources */ = {isa = PBXBuildFile; fileRef = 936B5FC821A0A57900797E10 /* obstacles.txt */; };
		937650532197AA50000897B2 /* ResourcePath.mm in Sources */ = {isa = PBXBuildFile; fileRef = 937650522197AA50000897B2 /* ResourcePath.mm */; };
		937650562197AA50000897B2 /* main.cpp in Sources */ = {isa = PBXBuildFile; fileRef = 937650552197AA50000897B2 /* main.cpp */; };
		937650662197AAB6000897B2 /* HuskyRoboticsLogo.png in Resources */ = {isa = PBXBuildFile; fileRef = 937650652197AAB6000897B2 /* HuskyRoboticsLogo.png */; };
		93765069219BBBC5000897B2 /* map.cpp in Sources */ = {isa = PBXBuildFile; fileRef = 93765068219BBBC5000897B2 /* map.cpp */; };
		9376506B219BBE9D000897B2 /* agent.cpp in Sources */ = {isa = PBXBuildFile; fileRef = 9376506A219BBE9D000897B2 /* agent.cpp */; };
		9386DF2F21BC41F1008C3C07 /* agent2.cpp in Sources */ = {isa = PBXBuildFile; fileRef = 9386DF2E21BC41F1008C3C07 /* agent2.cpp */; };
/* End PBXBuildFile section */

/* Begin PBXFileReference section */
		933E520B21B76B8700CE6194 /* map2.cpp */ = {isa = PBXFileReference; lastKnownFileType = sourcecode.cpp.cpp; path = map2.cpp; sourceTree = "<group>"; };
		933E520D21B76D2800CE6194 /* obstacle.cpp */ = {isa = PBXFileReference; lastKnownFileType = sourcecode.cpp.cpp; path = obstacle.cpp; sourceTree = "<group>"; };
		936B5FC821A0A57900797E10 /* obstacles.txt */ = {isa = PBXFileReference; lastKnownFileType = text; path = obstacles.txt; sourceTree = "<group>"; };
		9376504D2197AA50000897B2 /* RobotSim.app */ = {isa = PBXFileReference; explicitFileType = wrapper.application; includeInIndex = 0; path = RobotSim.app; sourceTree = BUILT_PRODUCTS_DIR; };
		937650512197AA50000897B2 /* RobotSim-Info.plist */ = {isa = PBXFileReference; lastKnownFileType = text.plist.xml; path = "RobotSim-Info.plist"; sourceTree = "<group>"; };
		937650522197AA50000897B2 /* ResourcePath.mm */ = {isa = PBXFileReference; lastKnownFileType = sourcecode.cpp.objcpp; path = ResourcePath.mm; sourceTree = "<group>"; };
		937650542197AA50000897B2 /* ResourcePath.hpp */ = {isa = PBXFileReference; lastKnownFileType = sourcecode.cpp.h; path = ResourcePath.hpp; sourceTree = "<group>"; };
		937650552197AA50000897B2 /* main.cpp */ = {isa = PBXFileReference; lastKnownFileType = sourcecode.cpp.cpp; path = main.cpp; sourceTree = "<group>"; };
		937650652197AAB6000897B2 /* HuskyRoboticsLogo.png */ = {isa = PBXFileReference; lastKnownFileType = image.png; path = HuskyRoboticsLogo.png; sourceTree = "<group>"; };
		93765068219BBBC5000897B2 /* map.cpp */ = {isa = PBXFileReference; lastKnownFileType = sourcecode.cpp.cpp; path = map.cpp; sourceTree = "<group>"; };
		9376506A219BBE9D000897B2 /* agent.cpp */ = {isa = PBXFileReference; lastKnownFileType = sourcecode.cpp.cpp; path = agent.cpp; sourceTree = "<group>"; };
		9386DF2E21BC41F1008C3C07 /* agent2.cpp */ = {isa = PBXFileReference; lastKnownFileType = sourcecode.cpp.cpp; path = agent2.cpp; sourceTree = "<group>"; };
/* End PBXFileReference section */

/* Begin PBXFrameworksBuildPhase section */
		937650492197AA50000897B2 /* Frameworks */ = {
			isa = PBXFrameworksBuildPhase;
			buildActionMask = 2147483647;
			files = (
			);
			runOnlyForDeploymentPostprocessing = 0;
		};
/* End PBXFrameworksBuildPhase section */

/* Begin PBXGroup section */
		937650432197AA50000897B2 = {
			isa = PBXGroup;
			children = (
				9376504F2197AA50000897B2 /* RobotSim */,
				9376504E2197AA50000897B2 /* Products */,
			);
			sourceTree = "<group>";
		};
		9376504E2197AA50000897B2 /* Products */ = {
			isa = PBXGroup;
			children = (
				9376504D2197AA50000897B2 /* RobotSim.app */,
			);
			name = Products;
			sourceTree = "<group>";
		};
		9376504F2197AA50000897B2 /* RobotSim */ = {
			isa = PBXGroup;
			children = (
				933E520D21B76D2800CE6194 /* obstacle.cpp */,
				937650522197AA50000897B2 /* ResourcePath.mm */,
				937650542197AA50000897B2 /* ResourcePath.hpp */,
				937650552197AA50000897B2 /* main.cpp */,
				933E520B21B76B8700CE6194 /* map2.cpp */,
				9386DF2E21BC41F1008C3C07 /* agent2.cpp */,
				93765068219BBBC5000897B2 /* map.cpp */,
				9376506A219BBE9D000897B2 /* agent.cpp */,
				937650572197AA50000897B2 /* Resources */,
				937650502197AA50000897B2 /* Supporting Files */,
				936B5FC821A0A57900797E10 /* obstacles.txt */,
			);
			path = RobotSim;
			sourceTree = "<group>";
		};
		937650502197AA50000897B2 /* Supporting Files */ = {
			isa = PBXGroup;
			children = (
				937650512197AA50000897B2 /* RobotSim-Info.plist */,
			);
			name = "Supporting Files";
			sourceTree = "<group>";
		};
		937650572197AA50000897B2 /* Resources */ = {
			isa = PBXGroup;
			children = (
				937650652197AAB6000897B2 /* HuskyRoboticsLogo.png */,
			);
			name = Resources;
			sourceTree = "<group>";
		};
/* End PBXGroup section */

/* Begin PBXNativeTarget section */
		9376504C2197AA50000897B2 /* RobotSim */ = {
			isa = PBXNativeTarget;
			buildConfigurationList = 937650622197AA50000897B2 /* Build configuration list for PBXNativeTarget "RobotSim" */;
			buildPhases = (
				937650482197AA50000897B2 /* Sources */,
				937650492197AA50000897B2 /* Frameworks */,
				9376504A2197AA50000897B2 /* Resources */,
				9376504B2197AA50000897B2 /* ShellScript */,
			);
			buildRules = (
			);
			dependencies = (
			);
			name = RobotSim;
			productName = RobotSim;
			productReference = 9376504D2197AA50000897B2 /* RobotSim.app */;
			productType = "com.apple.product-type.application";
		};
/* End PBXNativeTarget section */

/* Begin PBXProject section */
		937650442197AA50000897B2 /* Project object */ = {
			isa = PBXProject;
			attributes = {
				LastUpgradeCheck = 1010;
				ORGANIZATIONNAME = "Husky Robotics";
				TargetAttributes = {
					9376504C2197AA50000897B2 = {
						CreatedOnToolsVersion = 10.1;
					};
				};
			};
			buildConfigurationList = 937650472197AA50000897B2 /* Build configuration list for PBXProject "RobotSim" */;
			compatibilityVersion = "Xcode 9.3";
			developmentRegion = en;
			hasScannedForEncodings = 0;
			knownRegions = (
				en,
			);
			mainGroup = 937650432197AA50000897B2;
			productRefGroup = 9376504E2197AA50000897B2 /* Products */;
			projectDirPath = "";
			projectRoot = "";
			targets = (
				9376504C2197AA50000897B2 /* RobotSim */,
			);
		};
/* End PBXProject section */

/* Begin PBXResourcesBuildPhase section */
		9376504A2197AA50000897B2 /* Resources */ = {
			isa = PBXResourcesBuildPhase;
			buildActionMask = 2147483647;
			files = (
				937650662197AAB6000897B2 /* HuskyRoboticsLogo.png in Resources */,
				936B5FC921A0A57900797E10 /* obstacles.txt in Resources */,
			);
			runOnlyForDeploymentPostprocessing = 0;
		};
/* End PBXResourcesBuildPhase section */

/* Begin PBXShellScriptBuildPhase section */
		9376504B2197AA50000897B2 /* ShellScript */ = {
			isa = PBXShellScriptBuildPhase;
			buildActionMask = 8;
			files = (
			);
			inputFileListPaths = (
			);
			inputPaths = (
			);
			outputFileListPaths = (
			);
			outputPaths = (
			);
			runOnlyForDeploymentPostprocessing = 1;
			shellPath = /bin/sh;
			shellScript = "# This shell script simply copies required SFML dylibs/frameworks into the application bundle frameworks folder.\n# If you're using static libraries (which is not recommended) you should remove this script from your project.\n\n# SETTINGS\nSFML_DEPENDENCIES_INSTALL_PREFIX=\"/Users/SFML/Desktop/packaging/tmp/install/Library/Frameworks\"\nCMAKE_INSTALL_FRAMEWORK_PREFIX=\"/Users/SFML/Desktop/packaging/tmp/install/Library/Frameworks\"\nCMAKE_INSTALL_LIB_PREFIX=\"/Users/SFML/Desktop/packaging/tmp/install/Library/Frameworks/lib\"\nFRAMEWORKS_FULL_PATH=\"$BUILT_PRODUCTS_DIR/$FRAMEWORKS_FOLDER_PATH/\"\n\n# Are we building a project that uses frameworks or dylibs?\ncase \"$SFML_BINARY_TYPE\" in\n    DYLIBS)\n        frameworks=\"false\"\n        ;;\n    *)\n        frameworks=\"true\"\n        ;;\nesac\n\n# Echoes to stderr\nerror () # $* message to display\n{\n    echo $* 1>&2\n    exit 2\n}\n\nassert () # $1 is a boolean, $2...N is an error message\n{\n    if [ $# -lt 2 ]\n    then\n        error \"Internal error in assert: not enough args\"\n    fi\n\n    if [ $1 -ne 0 ]\n    then\n        shift\n        error \"$*\"\n    fi\n}\n\nforce_remove () # $@ is some paths\n{\n    test $# -ge 1\n    assert $? \"force_remove() requires at least one parameter\"\n    rm -fr $@\n    assert $? \"couldn't remove $@\"\n}\n\ncopy () # $1 is a source, $2 is a destination\n{\n    test $# -eq 2\n    assert $? \"copy() requires two parameters\"\n    ditto \"$1\" \"$2\"\n    assert $? \"couldn't copy $1 to $2\"\n}\n\nrequire () # $1 is a SFML module like 'system' or 'audio'\n{\n    dest=\"$BUILT_PRODUCTS_DIR/$FRAMEWORKS_FOLDER_PATH/\"\n\n    if [ -z \"$1\" ]\n    then\n        error \"require() requires one parameter!\"\n    else\n        # clean potentially old stuff\n        force_remove \"$dest/libsfml-$1\"*\n        force_remove \"$dest/sfml-$1.framework\"\n\n        # copy SFML libraries\n        if [ \"$frameworks\" = \"true\" ]\n        then\n            source=\"$CMAKE_INSTALL_FRAMEWORK_PREFIX/sfml-$1.framework\"\n            target=\"sfml-$1.framework\"\n        elif [ \"$SFML_LINK_DYLIBS_SUFFIX\" = \"-d\" ]\n        then\n            source=\"$CMAKE_INSTALL_LIB_PREFIX/libsfml-$1-d.dylib\"\n            target=\"`readlink $source`\"\n        else\n            source=\"$CMAKE_INSTALL_LIB_PREFIX/libsfml-$1.dylib\"\n            target=\"`readlink $source`\"\n        fi\n\n        copy \"$source\" \"$dest/$target\"\n\n        # copy extra dependencies\n        if [ \"$1\" = \"audio\" ]\n        then\n            # copy \"FLAC\" \"ogg\" \"vorbis\" \"vorbisenc\" \"vorbisfile\" \"OpenAL\" frameworks too\n            for f in \"FLAC\" \"ogg\" \"vorbis\" \"vorbisenc\" \"vorbisfile\" \"OpenAL\"\n            do\n                copy \"$SFML_DEPENDENCIES_INSTALL_PREFIX/$f.framework\" \"$dest/$f.framework\"\n            done\n        elif [ \"$1\" = \"graphics\" ]\n        then\n            copy \"$SFML_DEPENDENCIES_INSTALL_PREFIX/freetype.framework\" \"$dest/freetype.framework\"\n        fi\n    fi\n}\n\nif [ -n \"$SFML_SYSTEM\" ]\nthen\n    require \"system\"\nfi\n\nif [ -n \"$SFML_AUDIO\" ]\nthen\n    require \"audio\"\nfi\n\nif [ -n \"$SFML_NETWORK\" ]\nthen\n    require \"network\"\nfi\n\nif [ -n \"$SFML_WINDOW\" ]\nthen\n    require \"window\"\nfi\n\nif [ -n \"$SFML_GRAPHICS\" ]\nthen\n    require \"graphics\"\nfi\n\n                \n";
		};
/* End PBXShellScriptBuildPhase section */

/* Begin PBXSourcesBuildPhase section */
		937650482197AA50000897B2 /* Sources */ = {
			isa = PBXSourcesBuildPhase;
			buildActionMask = 2147483647;
			files = (
				933E520E21B76D2800CE6194 /* obstacle.cpp in Sources */,
				93765069219BBBC5000897B2 /* map.cpp in Sources */,
				9386DF2F21BC41F1008C3C07 /* agent2.cpp in Sources */,
				9376506B219BBE9D000897B2 /* agent.cpp in Sources */,
				937650562197AA50000897B2 /* main.cpp in Sources */,
				933E520C21B76B8700CE6194 /* map2.cpp in Sources */,
				937650532197AA50000897B2 /* ResourcePath.mm in Sources */,
			);
			runOnlyForDeploymentPostprocessing = 0;
		};
/* End PBXSourcesBuildPhase section */

/* Begin XCBuildConfiguration section */
		937650602197AA50000897B2 /* Debug */ = {
			isa = XCBuildConfiguration;
			buildSettings = {
				ARCHS = "$(NATIVE_ARCH_ACTUAL)";
				CLANG_CXX_LANGUAGE_STANDARD = "c++11";
				CLANG_CXX_LIBRARY = "libc++";
				FRAMEWORK_SEARCH_PATHS = (
					/Library/Frameworks/,
					"$(inherited)",
				);
				GCC_VERSION = com.apple.compilers.llvm.clang.1_0;
				HEADER_SEARCH_PATHS = (
					/usr/local/include/,
					"$(inherited)",
				);
				LIBRARY_SEARCH_PATHS = (
					/usr/local/lib/,
					"$(inherited)",
				);
				MACOSX_DEPLOYMENT_TARGET = 10.7;
				OTHER_LDFLAGS = (
					"$(inherited)",
					"$(SFML_SYSTEM)",
					"$(SFML_WINDOW)",
					"$(SFML_GRAPHICS)",
					"$(SFML_AUDIO)",
					"$(SFML_NETWORK)",
				);
				SFML_AUDIO = "";
				SFML_BINARY_TYPE = FRAMEWORKS;
				SFML_GRAPHICS = "$(SFML_LINK_PREFIX) sfml-graphics$(SFML_LINK_SUFFIX)";
				SFML_LINK_DYLIBS_PREFIX = "-l";
				SFML_LINK_DYLIBS_SUFFIX = "";
				SFML_LINK_FRAMEWORKS_PREFIX = "-framework";
				SFML_LINK_FRAMEWORKS_SUFFIX = "";
				SFML_LINK_PREFIX = "$(SFML_LINK_$(SFML_BINARY_TYPE)_PREFIX)";
				SFML_LINK_SUFFIX = "$(SFML_LINK_$(SFML_BINARY_TYPE)_SUFFIX)";
				SFML_NETWORK = "";
				SFML_SYSTEM = "$(SFML_LINK_PREFIX) sfml-system$(SFML_LINK_SUFFIX)";
				SFML_WINDOW = "$(SFML_LINK_PREFIX) sfml-window$(SFML_LINK_SUFFIX)";
				SUPPORTED_PLATFORMS = macosx;
			};
			name = Debug;
		};
		937650612197AA50000897B2 /* Release */ = {
			isa = XCBuildConfiguration;
			buildSettings = {
				ARCHS = "$(NATIVE_ARCH_ACTUAL)";
				CLANG_CXX_LANGUAGE_STANDARD = "c++11";
				CLANG_CXX_LIBRARY = "libc++";
				FRAMEWORK_SEARCH_PATHS = (
					/Library/Frameworks/,
					"$(inherited)",
				);
				GCC_VERSION = com.apple.compilers.llvm.clang.1_0;
				HEADER_SEARCH_PATHS = (
					/usr/local/include/,
					"$(inherited)",
				);
				LIBRARY_SEARCH_PATHS = (
					/usr/local/lib/,
					"$(inherited)",
				);
				MACOSX_DEPLOYMENT_TARGET = 10.7;
				OTHER_LDFLAGS = (
					"$(inherited)",
					"$(SFML_SYSTEM)",
					"$(SFML_WINDOW)",
					"$(SFML_GRAPHICS)",
					"$(SFML_AUDIO)",
					"$(SFML_NETWORK)",
				);
				SFML_AUDIO = "";
				SFML_BINARY_TYPE = FRAMEWORKS;
				SFML_GRAPHICS = "$(SFML_LINK_PREFIX) sfml-graphics$(SFML_LINK_SUFFIX)";
				SFML_LINK_DYLIBS_PREFIX = "-l";
				SFML_LINK_DYLIBS_SUFFIX = "";
				SFML_LINK_FRAMEWORKS_PREFIX = "-framework";
				SFML_LINK_FRAMEWORKS_SUFFIX = "";
				SFML_LINK_PREFIX = "$(SFML_LINK_$(SFML_BINARY_TYPE)_PREFIX)";
				SFML_LINK_SUFFIX = "$(SFML_LINK_$(SFML_BINARY_TYPE)_SUFFIX)";
				SFML_NETWORK = "";
				SFML_SYSTEM = "$(SFML_LINK_PREFIX) sfml-system$(SFML_LINK_SUFFIX)";
				SFML_WINDOW = "$(SFML_LINK_PREFIX) sfml-window$(SFML_LINK_SUFFIX)";
				SUPPORTED_PLATFORMS = macosx;
			};
			name = Release;
		};
		937650632197AA50000897B2 /* Debug */ = {
			isa = XCBuildConfiguration;
			buildSettings = {
				CODE_SIGN_STYLE = Automatic;
				INFOPLIST_FILE = "RobotSim/RobotSim-Info.plist";
				LD_RUNPATH_SEARCH_PATHS = "@loader_path/../Frameworks";
				PRODUCT_NAME = "$(TARGET_NAME)";
			};
			name = Debug;
		};
		937650642197AA50000897B2 /* Release */ = {
			isa = XCBuildConfiguration;
			buildSettings = {
				CODE_SIGN_STYLE = Automatic;
				INFOPLIST_FILE = "RobotSim/RobotSim-Info.plist";
				LD_RUNPATH_SEARCH_PATHS = "@loader_path/../Frameworks";
				PRODUCT_NAME = "$(TARGET_NAME)";
			};
			name = Release;
		};
/* End XCBuildConfiguration section */

/* Begin XCConfigurationList section */
		937650472197AA50000897B2 /* Build configuration list for PBXProject "RobotSim" */ = {
			isa = XCConfigurationList;
			buildConfigurations = (
				937650602197AA50000897B2 /* Debug */,
				937650612197AA50000897B2 /* Release */,
			);
			defaultConfigurationIsVisible = 0;
			defaultConfigurationName = Release;
		};
		937650622197AA50000897B2 /* Build configuration list for PBXNativeTarget "RobotSim" */ = {
			isa = XCConfigurationList;
			buildConfigurations = (
				937650632197AA50000897B2 /* Debug */,
				937650642197AA50000897B2 /* Release */,
			);
			defaultConfigurationIsVisible = 0;
			defaultConfigurationName = Release;
		};
/* End XCConfigurationList section */
	};
	rootObject = 937650442197AA50000897B2 /* Project object */;
}
